// !$*UTF8*$!
{
	archiveVersion = 1;
	classes = {
	};
	objectVersion = 50;
	objects = {

/* Begin PBXBuildFile section */
		A505CBF32273961200D6E51B /* ConfirmacaoPagamentoViewController.swift in Sources */ = {isa = PBXBuildFile; fileRef = A505CBF22273961200D6E51B /* ConfirmacaoPagamentoViewController.swift */; };
		A5096295227343D200249DED /* PacoteViagem.swift in Sources */ = {isa = PBXBuildFile; fileRef = A5096294227343D200249DED /* PacoteViagem.swift */; };
		A50962972273449000249DED /* PacoteViagemDAO.swift in Sources */ = {isa = PBXBuildFile; fileRef = A50962962273449000249DED /* PacoteViagemDAO.swift */; };
		A50990082270D4E500ED36DF /* RoundedView.swift in Sources */ = {isa = PBXBuildFile; fileRef = A50990072270D4E500ED36DF /* RoundedView.swift */; };
		A509900A2270D64400ED36DF /* Viagem.swift in Sources */ = {isa = PBXBuildFile; fileRef = A50990092270D64400ED36DF /* Viagem.swift */; };
		A509900C2270D80700ED36DF /* ViagemDAO.swift in Sources */ = {isa = PBXBuildFile; fileRef = A509900B2270D80700ED36DF /* ViagemDAO.swift */; };
		A509900E2270DAB100ED36DF /* TableViewCell.swift in Sources */ = {isa = PBXBuildFile; fileRef = A509900D2270DAB100ED36DF /* TableViewCell.swift */; };
		A50A6BD52271EF97009DA400 /* PacotesViewController.swift in Sources */ = {isa = PBXBuildFile; fileRef = A50A6BD42271EF97009DA400 /* PacotesViewController.swift */; };
		A50A6BD72271F139009DA400 /* PacoteCollectionViewCell.swift in Sources */ = {isa = PBXBuildFile; fileRef = A50A6BD62271F139009DA400 /* PacoteCollectionViewCell.swift */; };
		A5336E632268ABE600D40049 /* AppDelegate.swift in Sources */ = {isa = PBXBuildFile; fileRef = A5336E622268ABE600D40049 /* AppDelegate.swift */; };
		A5336E652268ABE600D40049 /* ViewController.swift in Sources */ = {isa = PBXBuildFile; fileRef = A5336E642268ABE600D40049 /* ViewController.swift */; };
		A5336E682268ABE600D40049 /* Main.storyboard in Resources */ = {isa = PBXBuildFile; fileRef = A5336E662268ABE600D40049 /* Main.storyboard */; };
		A5336E6A2268ABE700D40049 /* Assets.xcassets in Resources */ = {isa = PBXBuildFile; fileRef = A5336E692268ABE700D40049 /* Assets.xcassets */; };
		A5336E6D2268ABE700D40049 /* LaunchScreen.storyboard in Resources */ = {isa = PBXBuildFile; fileRef = A5336E6B2268ABE700D40049 /* LaunchScreen.storyboard */; };
		A558F5FE2272418A00CBCC72 /* DetalhePacoteViewController.swift in Sources */ = {isa = PBXBuildFile; fileRef = A558F5FD2272418A00CBCC72 /* DetalhePacoteViewController.swift */; };
/* End PBXBuildFile section */

/* Begin PBXFileReference section */
		A505CBF22273961200D6E51B /* ConfirmacaoPagamentoViewController.swift */ = {isa = PBXFileReference; lastKnownFileType = sourcecode.swift; path = ConfirmacaoPagamentoViewController.swift; sourceTree = "<group>"; };
		A5096294227343D200249DED /* PacoteViagem.swift */ = {isa = PBXFileReference; lastKnownFileType = sourcecode.swift; path = PacoteViagem.swift; sourceTree = "<group>"; };
		A50962962273449000249DED /* PacoteViagemDAO.swift */ = {isa = PBXFileReference; lastKnownFileType = sourcecode.swift; path = PacoteViagemDAO.swift; sourceTree = "<group>"; };
		A50990072270D4E500ED36DF /* RoundedView.swift */ = {isa = PBXFileReference; lastKnownFileType = sourcecode.swift; path = RoundedView.swift; sourceTree = "<group>"; };
		A50990092270D64400ED36DF /* Viagem.swift */ = {isa = PBXFileReference; lastKnownFileType = sourcecode.swift; path = Viagem.swift; sourceTree = "<group>"; };
		A509900B2270D80700ED36DF /* ViagemDAO.swift */ = {isa = PBXFileReference; fileEncoding = 4; lastKnownFileType = sourcecode.swift; path = ViagemDAO.swift; sourceTree = "<group>"; };
		A509900D2270DAB100ED36DF /* TableViewCell.swift */ = {isa = PBXFileReference; lastKnownFileType = sourcecode.swift; path = TableViewCell.swift; sourceTree = "<group>"; };
		A50A6BD42271EF97009DA400 /* PacotesViewController.swift */ = {isa = PBXFileReference; lastKnownFileType = sourcecode.swift; path = PacotesViewController.swift; sourceTree = "<group>"; };
		A50A6BD62271F139009DA400 /* PacoteCollectionViewCell.swift */ = {isa = PBXFileReference; lastKnownFileType = sourcecode.swift; path = PacoteCollectionViewCell.swift; sourceTree = "<group>"; };
		A5336E5F2268ABE600D40049 /* Alura_Viagens.app */ = {isa = PBXFileReference; explicitFileType = wrapper.application; includeInIndex = 0; path = Alura_Viagens.app; sourceTree = BUILT_PRODUCTS_DIR; };
		A5336E622268ABE600D40049 /* AppDelegate.swift */ = {isa = PBXFileReference; lastKnownFileType = sourcecode.swift; path = AppDelegate.swift; sourceTree = "<group>"; };
		A5336E642268ABE600D40049 /* ViewController.swift */ = {isa = PBXFileReference; lastKnownFileType = sourcecode.swift; path = ViewController.swift; sourceTree = "<group>"; };
		A5336E672268ABE600D40049 /* Base */ = {isa = PBXFileReference; lastKnownFileType = file.storyboard; name = Base; path = Base.lproj/Main.storyboard; sourceTree = "<group>"; };
		A5336E692268ABE700D40049 /* Assets.xcassets */ = {isa = PBXFileReference; lastKnownFileType = folder.assetcatalog; path = Assets.xcassets; sourceTree = "<group>"; };
		A5336E6C2268ABE700D40049 /* Base */ = {isa = PBXFileReference; lastKnownFileType = file.storyboard; name = Base; path = Base.lproj/LaunchScreen.storyboard; sourceTree = "<group>"; };
		A5336E6E2268ABE700D40049 /* Info.plist */ = {isa = PBXFileReference; lastKnownFileType = text.plist.xml; path = Info.plist; sourceTree = "<group>"; };
		A558F5FD2272418A00CBCC72 /* DetalhePacoteViewController.swift */ = {isa = PBXFileReference; lastKnownFileType = sourcecode.swift; path = DetalhePacoteViewController.swift; sourceTree = "<group>"; };
/* End PBXFileReference section */

/* Begin PBXFrameworksBuildPhase section */
		A5336E5C2268ABE600D40049 /* Frameworks */ = {
			isa = PBXFrameworksBuildPhase;
			buildActionMask = 2147483647;
			files = (
			);
			runOnlyForDeploymentPostprocessing = 0;
		};
/* End PBXFrameworksBuildPhase section */

/* Begin PBXGroup section */
		A5336E562268ABE600D40049 = {
			isa = PBXGroup;
			children = (
				A5336E612268ABE600D40049 /* Alura_Viagens */,
				A5336E602268ABE600D40049 /* Products */,
			);
			sourceTree = "<group>";
		};
		A5336E602268ABE600D40049 /* Products */ = {
			isa = PBXGroup;
			children = (
				A5336E5F2268ABE600D40049 /* Alura_Viagens.app */,
			);
			name = Products;
			sourceTree = "<group>";
		};
		A5336E612268ABE600D40049 /* Alura_Viagens */ = {
			isa = PBXGroup;
			children = (
				A5336E622268ABE600D40049 /* AppDelegate.swift */,
				A5336E762268AC1F00D40049 /* Model */,
				A5336E752268AC1600D40049 /* View */,
				A5336E742268AC0200D40049 /* Controller */,
				A5336E692268ABE700D40049 /* Assets.xcassets */,
				A5336E6B2268ABE700D40049 /* LaunchScreen.storyboard */,
				A5336E6E2268ABE700D40049 /* Info.plist */,
			);
			path = Alura_Viagens;
			sourceTree = "<group>";
		};
		A5336E742268AC0200D40049 /* Controller */ = {
			isa = PBXGroup;
			children = (
				A5336E642268ABE600D40049 /* ViewController.swift */,
				A509900D2270DAB100ED36DF /* TableViewCell.swift */,
				A50A6BD42271EF97009DA400 /* PacotesViewController.swift */,
				A50A6BD62271F139009DA400 /* PacoteCollectionViewCell.swift */,
				A558F5FD2272418A00CBCC72 /* DetalhePacoteViewController.swift */,
				A505CBF22273961200D6E51B /* ConfirmacaoPagamentoViewController.swift */,
			);
			path = Controller;
			sourceTree = "<group>";
		};
		A5336E752268AC1600D40049 /* View */ = {
			isa = PBXGroup;
			children = (
				A5336E662268ABE600D40049 /* Main.storyboard */,
				A50990072270D4E500ED36DF /* RoundedView.swift */,
			);
			path = View;
			sourceTree = "<group>";
		};
		A5336E762268AC1F00D40049 /* Model */ = {
			isa = PBXGroup;
			children = (
				A50990092270D64400ED36DF /* Viagem.swift */,
				A509900B2270D80700ED36DF /* ViagemDAO.swift */,
				A5096294227343D200249DED /* PacoteViagem.swift */,
				A50962962273449000249DED /* PacoteViagemDAO.swift */,
			);
			path = Model;
			sourceTree = "<group>";
		};
/* End PBXGroup section */

/* Begin PBXNativeTarget section */
		A5336E5E2268ABE600D40049 /* Alura_Viagens */ = {
			isa = PBXNativeTarget;
			buildConfigurationList = A5336E712268ABE700D40049 /* Build configuration list for PBXNativeTarget "Alura_Viagens" */;
			buildPhases = (
				A5336E5B2268ABE600D40049 /* Sources */,
				A5336E5C2268ABE600D40049 /* Frameworks */,
				A5336E5D2268ABE600D40049 /* Resources */,
			);
			buildRules = (
			);
			dependencies = (
			);
			name = Alura_Viagens;
			productName = Alura_Viagens;
			productReference = A5336E5F2268ABE600D40049 /* Alura_Viagens.app */;
			productType = "com.apple.product-type.application";
		};
/* End PBXNativeTarget section */

/* Begin PBXProject section */
		A5336E572268ABE600D40049 /* Project object */ = {
			isa = PBXProject;
			attributes = {
				LastSwiftUpdateCheck = 1020;
				LastUpgradeCheck = 1020;
				ORGANIZATIONNAME = "Rodrigo Martins";
				TargetAttributes = {
					A5336E5E2268ABE600D40049 = {
						CreatedOnToolsVersion = 10.2.1;
					};
				};
			};
			buildConfigurationList = A5336E5A2268ABE600D40049 /* Build configuration list for PBXProject "Alura_Viagens" */;
			compatibilityVersion = "Xcode 9.3";
			developmentRegion = en;
			hasScannedForEncodings = 0;
			knownRegions = (
				en,
				Base,
			);
			mainGroup = A5336E562268ABE600D40049;
			productRefGroup = A5336E602268ABE600D40049 /* Products */;
			projectDirPath = "";
			projectRoot = "";
			targets = (
				A5336E5E2268ABE600D40049 /* Alura_Viagens */,
			);
		};
/* End PBXProject section */

/* Begin PBXResourcesBuildPhase section */
		A5336E5D2268ABE600D40049 /* Resources */ = {
			isa = PBXResourcesBuildPhase;
			buildActionMask = 2147483647;
			files = (
				A5336E6D2268ABE700D40049 /* LaunchScreen.storyboard in Resources */,
				A5336E6A2268ABE700D40049 /* Assets.xcassets in Resources */,
				A5336E682268ABE600D40049 /* Main.storyboard in Resources */,
			);
			runOnlyForDeploymentPostprocessing = 0;
		};
/* End PBXResourcesBuildPhase section */

/* Begin PBXSourcesBuildPhase section */
		A5336E5B2268ABE600D40049 /* Sources */ = {
			isa = PBXSourcesBuildPhase;
			buildActionMask = 2147483647;
			files = (
				A509900A2270D64400ED36DF /* Viagem.swift in Sources */,
				A509900C2270D80700ED36DF /* ViagemDAO.swift in Sources */,
				A5336E652268ABE600D40049 /* ViewController.swift in Sources */,
				A558F5FE2272418A00CBCC72 /* DetalhePacoteViewController.swift in Sources */,
				A505CBF32273961200D6E51B /* ConfirmacaoPagamentoViewController.swift in Sources */,
				A509900E2270DAB100ED36DF /* TableViewCell.swift in Sources */,
				A50A6BD72271F139009DA400 /* PacoteCollectionViewCell.swift in Sources */,
				A5096295227343D200249DED /* PacoteViagem.swift in Sources */,
				A5336E632268ABE600D40049 /* AppDelegate.swift in Sources */,
				A50A6BD52271EF97009DA400 /* PacotesViewController.swift in Sources */,
				A50962972273449000249DED /* PacoteViagemDAO.swift in Sources */,
				A50990082270D4E500ED36DF /* RoundedView.swift in Sources */,
			);
			runOnlyForDeploymentPostprocessing = 0;
		};
/* End PBXSourcesBuildPhase section */

/* Begin PBXVariantGroup section */
		A5336E662268ABE600D40049 /* Main.storyboard */ = {
			isa = PBXVariantGroup;
			children = (
				A5336E672268ABE600D40049 /* Base */,
			);
			name = Main.storyboard;
			sourceTree = "<group>";
		};
		A5336E6B2268ABE700D40049 /* LaunchScreen.storyboard */ = {
			isa = PBXVariantGroup;
			children = (
				A5336E6C2268ABE700D40049 /* Base */,
			);
			name = LaunchScreen.storyboard;
			sourceTree = "<group>";
		};
/* End PBXVariantGroup section */

/* Begin XCBuildConfiguration section */
		A5336E6F2268ABE700D40049 /* Debug */ = {
			isa = XCBuildConfiguration;
			buildSettings = {
				ALWAYS_SEARCH_USER_PATHS = NO;
				CLANG_ANALYZER_NONNULL = YES;
				CLANG_ANALYZER_NUMBER_OBJECT_CONVERSION = YES_AGGRESSIVE;
				CLANG_CXX_LANGUAGE_STANDARD = "gnu++14";
				CLANG_CXX_LIBRARY = "libc++";
				CLANG_ENABLE_MODULES = YES;
				CLANG_ENABLE_OBJC_ARC = YES;
				CLANG_ENABLE_OBJC_WEAK = YES;
				CLANG_WARN_BLOCK_CAPTURE_AUTORELEASING = YES;
				CLANG_WARN_BOOL_CONVERSION = YES;
				CLANG_WARN_COMMA = YES;
				CLANG_WARN_CONSTANT_CONVERSION = YES;
				CLANG_WARN_DEPRECATED_OBJC_IMPLEMENTATIONS = YES;
				CLANG_WARN_DIRECT_OBJC_ISA_USAGE = YES_ERROR;
				CLANG_WARN_DOCUMENTATION_COMMENTS = YES;
				CLANG_WARN_EMPTY_BODY = YES;
				CLANG_WARN_ENUM_CONVERSION = YES;
				CLANG_WARN_INFINITE_RECURSION = YES;
				CLANG_WARN_INT_CONVERSION = YES;
				CLANG_WARN_NON_LITERAL_NULL_CONVERSION = YES;
				CLANG_WARN_OBJC_IMPLICIT_RETAIN_SELF = YES;
				CLANG_WARN_OBJC_LITERAL_CONVERSION = YES;
				CLANG_WARN_OBJC_ROOT_CLASS = YES_ERROR;
				CLANG_WARN_RANGE_LOOP_ANALYSIS = YES;
				CLANG_WARN_STRICT_PROTOTYPES = YES;
				CLANG_WARN_SUSPICIOUS_MOVE = YES;
				CLANG_WARN_UNGUARDED_AVAILABILITY = YES_AGGRESSIVE;
				CLANG_WARN_UNREACHABLE_CODE = YES;
				CLANG_WARN__DUPLICATE_METHOD_MATCH = YES;
				CODE_SIGN_IDENTITY = "iPhone Developer";
				COPY_PHASE_STRIP = NO;
				DEBUG_INFORMATION_FORMAT = dwarf;
				ENABLE_STRICT_OBJC_MSGSEND = YES;
				ENABLE_TESTABILITY = YES;
				GCC_C_LANGUAGE_STANDARD = gnu11;
				GCC_DYNAMIC_NO_PIC = NO;
				GCC_NO_COMMON_BLOCKS = YES;
				GCC_OPTIMIZATION_LEVEL = 0;
				GCC_PREPROCESSOR_DEFINITIONS = (
					"DEBUG=1",
					"$(inherited)",
				);
				GCC_WARN_64_TO_32_BIT_CONVERSION = YES;
				GCC_WARN_ABOUT_RETURN_TYPE = YES_ERROR;
				GCC_WARN_UNDECLARED_SELECTOR = YES;
				GCC_WARN_UNINITIALIZED_AUTOS = YES_AGGRESSIVE;
				GCC_WARN_UNUSED_FUNCTION = YES;
				GCC_WARN_UNUSED_VARIABLE = YES;
				IPHONEOS_DEPLOYMENT_TARGET = 12.2;
				MTL_ENABLE_DEBUG_INFO = INCLUDE_SOURCE;
				MTL_FAST_MATH = YES;
				ONLY_ACTIVE_ARCH = YES;
				SDKROOT = iphoneos;
				SWIFT_ACTIVE_COMPILATION_CONDITIONS = DEBUG;
				SWIFT_OPTIMIZATION_LEVEL = "-Onone";
			};
			name = Debug;
		};
		A5336E702268ABE700D40049 /* Release */ = {
			isa = XCBuildConfiguration;
			buildSettings = {
				ALWAYS_SEARCH_USER_PATHS = NO;
				CLANG_ANALYZER_NONNULL = YES;
				CLANG_ANALYZER_NUMBER_OBJECT_CONVERSION = YES_AGGRESSIVE;
				CLANG_CXX_LANGUAGE_STANDARD = "gnu++14";
				CLANG_CXX_LIBRARY = "libc++";
				CLANG_ENABLE_MODULES = YES;
				CLANG_ENABLE_OBJC_ARC = YES;
				CLANG_ENABLE_OBJC_WEAK = YES;
				CLANG_WARN_BLOCK_CAPTURE_AUTORELEASING = YES;
				CLANG_WARN_BOOL_CONVERSION = YES;
				CLANG_WARN_COMMA = YES;
				CLANG_WARN_CONSTANT_CONVERSION = YES;
				CLANG_WARN_DEPRECATED_OBJC_IMPLEMENTATIONS = YES;
				CLANG_WARN_DIRECT_OBJC_ISA_USAGE = YES_ERROR;
				CLANG_WARN_DOCUMENTATION_COMMENTS = YES;
				CLANG_WARN_EMPTY_BODY = YES;
				CLANG_WARN_ENUM_CONVERSION = YES;
				CLANG_WARN_INFINITE_RECURSION = YES;
				CLANG_WARN_INT_CONVERSION = YES;
				CLANG_WARN_NON_LITERAL_NULL_CONVERSION = YES;
				CLANG_WARN_OBJC_IMPLICIT_RETAIN_SELF = YES;
				CLANG_WARN_OBJC_LITERAL_CONVERSION = YES;
				CLANG_WARN_OBJC_ROOT_CLASS = YES_ERROR;
				CLANG_WARN_RANGE_LOOP_ANALYSIS = YES;
				CLANG_WARN_STRICT_PROTOTYPES = YES;
				CLANG_WARN_SUSPICIOUS_MOVE = YES;
				CLANG_WARN_UNGUARDED_AVAILABILITY = YES_AGGRESSIVE;
				CLANG_WARN_UNREACHABLE_CODE = YES;
				CLANG_WARN__DUPLICATE_METHOD_MATCH = YES;
				CODE_SIGN_IDENTITY = "iPhone Developer";
				COPY_PHASE_STRIP = NO;
				DEBUG_INFORMATION_FORMAT = "dwarf-with-dsym";
				ENABLE_NS_ASSERTIONS = NO;
				ENABLE_STRICT_OBJC_MSGSEND = YES;
				GCC_C_LANGUAGE_STANDARD = gnu11;
				GCC_NO_COMMON_BLOCKS = YES;
				GCC_WARN_64_TO_32_BIT_CONVERSION = YES;
				GCC_WARN_ABOUT_RETURN_TYPE = YES_ERROR;
				GCC_WARN_UNDECLARED_SELECTOR = YES;
				GCC_WARN_UNINITIALIZED_AUTOS = YES_AGGRESSIVE;
				GCC_WARN_UNUSED_FUNCTION = YES;
				GCC_WARN_UNUSED_VARIABLE = YES;
				IPHONEOS_DEPLOYMENT_TARGET = 12.2;
				MTL_ENABLE_DEBUG_INFO = NO;
				MTL_FAST_MATH = YES;
				SDKROOT = iphoneos;
				SWIFT_COMPILATION_MODE = wholemodule;
				SWIFT_OPTIMIZATION_LEVEL = "-O";
				VALIDATE_PRODUCT = YES;
			};
			name = Release;
		};
		A5336E722268ABE700D40049 /* Debug */ = {
			isa = XCBuildConfiguration;
			buildSettings = {
				ASSETCATALOG_COMPILER_APPICON_NAME = AppIcon;
				CODE_SIGN_STYLE = Automatic;
				DEVELOPMENT_TEAM = 7Q63F4FXNX;
				INFOPLIST_FILE = Alura_Viagens/Info.plist;
				IPHONEOS_DEPLOYMENT_TARGET = 10.1;
				LD_RUNPATH_SEARCH_PATHS = (
					"$(inherited)",
					"@executable_path/Frameworks",
				);
				PRODUCT_BUNDLE_IDENTIFIER = "everis.Alura-Viagens";
				PRODUCT_NAME = "$(TARGET_NAME)";
				SWIFT_VERSION = 5.0;
				TARGETED_DEVICE_FAMILY = "1,2";
			};
			name = Debug;
		};
		A5336E732268ABE700D40049 /* Release */ = {
			isa = XCBuildConfiguration;
			buildSettings = {
				ASSETCATALOG_COMPILER_APPICON_NAME = AppIcon;
				CODE_SIGN_STYLE = Automatic;
				DEVELOPMENT_TEAM = 7Q63F4FXNX;
				INFOPLIST_FILE = Alura_Viagens/Info.plist;
				IPHONEOS_DEPLOYMENT_TARGET = 10.1;
				LD_RUNPATH_SEARCH_PATHS = (
					"$(inherited)",
					"@executable_path/Frameworks",
				);
				PRODUCT_BUNDLE_IDENTIFIER = "everis.Alura-Viagens";
				PRODUCT_NAME = "$(TARGET_NAME)";
				SWIFT_VERSION = 5.0;
				TARGETED_DEVICE_FAMILY = "1,2";
			};
			name = Release;
		};
/* End XCBuildConfiguration section */

/* Begin XCConfigurationList section */
		A5336E5A2268ABE600D40049 /* Build configuration list for PBXProject "Alura_Viagens" */ = {
			isa = XCConfigurationList;
			buildConfigurations = (
				A5336E6F2268ABE700D40049 /* Debug */,
				A5336E702268ABE700D40049 /* Release */,
			);
			defaultConfigurationIsVisible = 0;
			defaultConfigurationName = Release;
		};
		A5336E712268ABE700D40049 /* Build configuration list for PBXNativeTarget "Alura_Viagens" */ = {
			isa = XCConfigurationList;
			buildConfigurations = (
				A5336E722268ABE700D40049 /* Debug */,
				A5336E732268ABE700D40049 /* Release */,
			);
			defaultConfigurationIsVisible = 0;
			defaultConfigurationName = Release;
		};
/* End XCConfigurationList section */
	};
	rootObject = A5336E572268ABE600D40049 /* Project object */;
}
